
Microsoft Visual Studio Solution File, Format Version 12.00
# Visual Studio Version 17
VisualStudioVersion = 17.6.33723.286
MinimumVisualStudioVersion = 10.0.40219.1
Project("{9A19103F-16F7-4668-BE54-9A1E7A4F7556}") = "Api", "Api.csproj", "{95852DF3-5AF3-4526-9E2F-206C064C3478}"
EndProject
Project("{9A19103F-16F7-4668-BE54-9A1E7A4F7556}") = "DAL", "..\DAL\DAL.csproj", "{72B50595-2792-4BBA-923D-F6581A1BD166}"
EndProject
Project("{9A19103F-16F7-4668-BE54-9A1E7A4F7556}") = "Domain", "..\Domain\Domain.csproj", "{EEAFA9C7-F2A3-4AA3-B161-8CDDA4E4BD0C}"
EndProject
Project("{9A19103F-16F7-4668-BE54-9A1E7A4F7556}") = "Service", "..\Service\Service.csproj", "{832E592D-C9D8-4AC2-B748-1ABD93A66CCC}"
EndProject
Global
	GlobalSection(SolutionConfigurationPlatforms) = preSolution
		Debug|Any CPU = Debug|Any CPU
		Release|Any CPU = Release|Any CPU
	EndGlobalSection
	GlobalSection(ProjectConfigurationPlatforms) = postSolution
		{95852DF3-5AF3-4526-9E2F-206C064C3478}.Debug|Any CPU.ActiveCfg = Debug|Any CPU
		{95852DF3-5AF3-4526-9E2F-206C064C3478}.Debug|Any CPU.Build.0 = Debug|Any CPU
		{95852DF3-5AF3-4526-9E2F-206C064C3478}.Release|Any CPU.ActiveCfg = Release|Any CPU
		{95852DF3-5AF3-4526-9E2F-206C064C3478}.Release|Any CPU.Build.0 = Release|Any CPU
		{72B50595-2792-4BBA-923D-F6581A1BD166}.Debug|Any CPU.ActiveCfg = Debug|Any CPU
		{72B50595-2792-4BBA-923D-F6581A1BD166}.Debug|Any CPU.Build.0 = Debug|Any CPU
		{72B50595-2792-4BBA-923D-F6581A1BD166}.Release|Any CPU.ActiveCfg = Release|Any CPU
		{72B50595-2792-4BBA-923D-F6581A1BD166}.Release|Any CPU.Build.0 = Release|Any CPU
		{EEAFA9C7-F2A3-4AA3-B161-8CDDA4E4BD0C}.Debug|Any CPU.ActiveCfg = Debug|Any CPU
		{EEAFA9C7-F2A3-4AA3-B161-8CDDA4E4BD0C}.Debug|Any CPU.Build.0 = Debug|Any CPU
		{EEAFA9C7-F2A3-4AA3-B161-8CDDA4E4BD0C}.Release|Any CPU.ActiveCfg = Release|Any CPU
		{EEAFA9C7-F2A3-4AA3-B161-8CDDA4E4BD0C}.Release|Any CPU.Build.0 = Release|Any CPU
		{832E592D-C9D8-4AC2-B748-1ABD93A66CCC}.Debug|Any CPU.ActiveCfg = Debug|Any CPU
		{832E592D-C9D8-4AC2-B748-1ABD93A66CCC}.Debug|Any CPU.Build.0 = Debug|Any CPU
		{832E592D-C9D8-4AC2-B748-1ABD93A66CCC}.Release|Any CPU.ActiveCfg = Release|Any CPU
		{832E592D-C9D8-4AC2-B748-1ABD93A66CCC}.Release|Any CPU.Build.0 = Release|Any CPU
	EndGlobalSection
	GlobalSection(SolutionProperties) = preSolution
		HideSolutionNode = FALSE
	EndGlobalSection
	GlobalSection(ExtensibilityGlobals) = postSolution
		SolutionGuid = {860057D8-7E1E-4E0A-B464-BEA9098C40B7}
	EndGlobalSection
EndGlobal
